[[package]]
category = "main"
description = "NumPy is the fundamental package for array computing with Python."
name = "numpy"
optional = false
python-versions = ">=3.6"
version = "1.19.1"

[[package]]
category = "main"
description = "Wrapper package for OpenCV python bindings."
name = "opencv-contrib-python"
optional = false
python-versions = ">=3.5"
version = "4.4.0.42"

[package.dependencies]
numpy = ">=1.13.1"

[metadata]
content-hash = "860d1b0a94504918a703153777961a833a800a37b475d5c66daef7b173da0be2"
lock-version = "1.0"
python-versions = "^3.8"

[metadata.files]
numpy = [
    {file = "numpy-1.19.1-cp36-cp36m-macosx_10_9_x86_64.whl", hash = "sha256:b1cca51512299841bf69add3b75361779962f9cee7d9ee3bb446d5982e925b69"},
    {file = "numpy-1.19.1-cp36-cp36m-manylinux1_i686.whl", hash = "sha256:c9591886fc9cbe5532d5df85cb8e0cc3b44ba8ce4367bd4cf1b93dc19713da72"},
    {file = "numpy-1.19.1-cp36-cp36m-manylinux1_x86_64.whl", hash = "sha256:cf1347450c0b7644ea142712619533553f02ef23f92f781312f6a3553d031fc7"},
    {file = "numpy-1.19.1-cp36-cp36m-manylinux2010_i686.whl", hash = "sha256:ed8a311493cf5480a2ebc597d1e177231984c818a86875126cfd004241a73c3e"},
    {file = "numpy-1.19.1-cp36-cp36m-manylinux2010_x86_64.whl", hash = "sha256:3673c8b2b29077f1b7b3a848794f8e11f401ba0b71c49fbd26fb40b71788b132"},
    {file = "numpy-1.19.1-cp36-cp36m-manylinux2014_aarch64.whl", hash = "sha256:56ef7f56470c24bb67fb43dae442e946a6ce172f97c69f8d067ff8550cf782ff"},
    {file = "numpy-1.19.1-cp36-cp36m-win32.whl", hash = "sha256:aaf42a04b472d12515debc621c31cf16c215e332242e7a9f56403d814c744624"},
    {file = "numpy-1.19.1-cp36-cp36m-win_amd64.whl", hash = "sha256:082f8d4dd69b6b688f64f509b91d482362124986d98dc7dc5f5e9f9b9c3bb983"},
    {file = "numpy-1.19.1-cp37-cp37m-macosx_10_9_x86_64.whl", hash = "sha256:e4f6d3c53911a9d103d8ec9518190e52a8b945bab021745af4939cfc7c0d4a9e"},
    {file = "numpy-1.19.1-cp37-cp37m-manylinux1_i686.whl", hash = "sha256:5b6885c12784a27e957294b60f97e8b5b4174c7504665333c5e94fbf41ae5d6a"},
    {file = "numpy-1.19.1-cp37-cp37m-manylinux1_x86_64.whl", hash = "sha256:1bc0145999e8cb8aed9d4e65dd8b139adf1919e521177f198529687dbf613065"},
    {file = "numpy-1.19.1-cp37-cp37m-manylinux2010_i686.whl", hash = "sha256:5a936fd51049541d86ccdeef2833cc89a18e4d3808fe58a8abeb802665c5af93"},
    {file = "numpy-1.19.1-cp37-cp37m-manylinux2010_x86_64.whl", hash = "sha256:ef71a1d4fd4858596ae80ad1ec76404ad29701f8ca7cdcebc50300178db14dfc"},
    {file = "numpy-1.19.1-cp37-cp37m-manylinux2014_aarch64.whl", hash = "sha256:b9792b0ac0130b277536ab8944e7b754c69560dac0415dd4b2dbd16b902c8954"},
    {file = "numpy-1.19.1-cp37-cp37m-win32.whl", hash = "sha256:b12e639378c741add21fbffd16ba5ad25c0a1a17cf2b6fe4288feeb65144f35b"},
    {file = "numpy-1.19.1-cp37-cp37m-win_amd64.whl", hash = "sha256:8343bf67c72e09cfabfab55ad4a43ce3f6bf6e6ced7acf70f45ded9ebb425055"},
    {file = "numpy-1.19.1-cp38-cp38-macosx_10_9_x86_64.whl", hash = "sha256:e45f8e981a0ab47103181773cc0a54e650b2aef8c7b6cd07405d0fa8d869444a"},
    {file = "numpy-1.19.1-cp38-cp38-manylinux1_i686.whl", hash = "sha256:667c07063940e934287993366ad5f56766bc009017b4a0fe91dbd07960d0aba7"},
    {file = "numpy-1.19.1-cp38-cp38-manylinux1_x86_64.whl", hash = "sha256:480fdd4dbda4dd6b638d3863da3be82873bba6d32d1fc12ea1b8486ac7b8d129"},
    {file = "numpy-1.19.1-cp38-cp38-manylinux2010_i686.whl", hash = "sha256:935c27ae2760c21cd7354402546f6be21d3d0c806fffe967f745d5f2de5005a7"},
    {file = "numpy-1.19.1-cp38-cp38-manylinux2010_x86_64.whl", hash = "sha256:309cbcfaa103fc9a33ec16d2d62569d541b79f828c382556ff072442226d1968"},
    {file = "numpy-1.19.1-cp38-cp38-manylinux2014_aarch64.whl", hash = "sha256:7ed448ff4eaffeb01094959b19cbaf998ecdee9ef9932381420d514e446601cd"},
    {file = "numpy-1.19.1-cp38-cp38-win32.whl", hash = "sha256:de8b4a9b56255797cbddb93281ed92acbc510fb7b15df3f01bd28f46ebc4edae"},
    {file = "numpy-1.19.1-cp38-cp38-win_amd64.whl", hash = "sha256:92feb989b47f83ebef246adabc7ff3b9a59ac30601c3f6819f8913458610bdcc"},
    {file = "numpy-1.19.1-pp36-pypy36_pp73-manylinux2010_x86_64.whl", hash = "sha256:e1b1dc0372f530f26a03578ac75d5e51b3868b9b76cd2facba4c9ee0eb252ab1"},
    {file = "numpy-1.19.1.zip", hash = "sha256:b8456987b637232602ceb4d663cb34106f7eb780e247d51a260b84760fd8f491"},
]
opencv-contrib-python = [
    {file = "opencv_contrib_python-4.4.0.42-cp35-cp35m-macosx_10_13_x86_64.whl", hash = "sha256:fef7cf32f453e094ed399c1721bc43b51b1dcfcdf4fa6d76222d00e817f2ad96"},
    {file = "opencv_contrib_python-4.4.0.42-cp35-cp35m-manylinux2014_i686.whl", hash = "sha256:ba40e895eca26841cd283f19466a524511b79ae214f31df9d715a6c315707892"},
    {file = "opencv_contrib_python-4.4.0.42-cp35-cp35m-manylinux2014_x86_64.whl", hash = "sha256:3c2b756ad74a5d3f6e677a5c4512cc0c290f05f594ec4d4efacb11ea570ecfd9"},
    {file = "opencv_contrib_python-4.4.0.42-cp35-cp35m-win32.whl", hash = "sha256:8cd28ef7b57d24287948f7fa91dada92930ec2bf359917a75bb3d85e53dc5b6b"},
    {file = "opencv_contrib_python-4.4.0.42-cp35-cp35m-win_amd64.whl", hash = "sha256:02124417f74405aa00165b9a14631b035a36a31edaa3fa559935ea87a8aedfb9"},
    {file = "opencv_contrib_python-4.4.0.42-cp36-cp36m-macosx_10_13_x86_64.whl", hash = "sha256:13e5ac15e59b0b9989936ecf7fe8aa13278266ca16011daa54ad1b0ceae71769"},
    {file = "opencv_contrib_python-4.4.0.42-cp36-cp36m-manylinux2014_i686.whl", hash = "sha256:ef903d174857670f31a3b7b17c7eb0ae8abe64e8e79df0e3d1f211b4d0524151"},
    {file = "opencv_contrib_python-4.4.0.42-cp36-cp36m-manylinux2014_x86_64.whl", hash = "sha256:e1f2100eefa37d008b6bd489c11055e36c43fe6b424582acd381d4c7e908652f"},
    {file = "opencv_contrib_python-4.4.0.42-cp36-cp36m-win32.whl", hash = "sha256:d56c83f6707d00d6ed9d3ff28bdcc3ed67b52ee36defe85a2b738de2589cb0c4"},
    {file = "opencv_contrib_python-4.4.0.42-cp36-cp36m-win_amd64.whl", hash = "sha256:2de2e537bd7cd6c242172685070997ba0ae38d5b54a7e4b08c071ffe5c5ae241"},
    {file = "opencv_contrib_python-4.4.0.42-cp37-cp37m-macosx_10_13_x86_64.whl", hash = "sha256:421a6a38654cde42d862c244962226b13959b4d6eb82fabc51792ffacb7bcbb9"},
    {file = "opencv_contrib_python-4.4.0.42-cp37-cp37m-manylinux2014_i686.whl", hash = "sha256:10ac01b1d6120a082ad04fe51833de9aa637fa8e1d6520ace76fe83ebcc0ad0a"},
    {file = "opencv_contrib_python-4.4.0.42-cp37-cp37m-manylinux2014_x86_64.whl", hash = "sha256:ac10e2b5aef18f7f1a2c585b26230e244e82ec722b6b407ea2bdc6da467ed492"},
    {file = "opencv_contrib_python-4.4.0.42-cp37-cp37m-win32.whl", hash = "sha256:d1efa8ce8bef26ff46ae2b2f171e2dac62b9f1b6df2ddc5548b45e17ee2547a8"},
    {file = "opencv_contrib_python-4.4.0.42-cp37-cp37m-win_amd64.whl", hash = "sha256:0b03fde302b1deef5030695f0d0b192e0a7e9d139f1781330e73966c641672f8"},
    {file = "opencv_contrib_python-4.4.0.42-cp38-cp38-macosx_10_13_x86_64.whl", hash = "sha256:dbf92a6bf045cfbef7542826d4184a0eb1cbb8127e245353fdfc1f73af9c44cb"},
    {file = "opencv_contrib_python-4.4.0.42-cp38-cp38-manylinux2014_i686.whl", hash = "sha256:48641c7a9b718b717360d7f49be978c37aefbf8eb85e6bbb6a852bf3639870bc"},
    {file = "opencv_contrib_python-4.4.0.42-cp38-cp38-manylinux2014_x86_64.whl", hash = "sha256:2ded27cf6f133bc35b45513d80ab0d2de5fc9404f6b0546d9699c81d4ca5aacb"},
    {file = "opencv_contrib_python-4.4.0.42-cp38-cp38-win32.whl", hash = "sha256:8b135266799dbc20dbcbd331ae217c72c2c323aefb41492fe596bb95b4ee2664"},
    {file = "opencv_contrib_python-4.4.0.42-cp38-cp38-win_amd64.whl", hash = "sha256:fb05a4a44824f7a4900ac8a8d7ee8d37ef158ca8bddbec3e4d4a39e1a1fb344c"},
]
